
Microsoft Visual Studio Solution File, Format Version 12.00
# Visual Studio 14
VisualStudioVersion = 14.0.25420.1
MinimumVisualStudioVersion = 10.0.40219.1
Project("{2150E333-8FDC-42A3-9474-1A3956D46DE8}") = "src", "src", "{59070090-C342-4444-99D2-C8AA89084B63}"
EndProject
Project("{2150E333-8FDC-42A3-9474-1A3956D46DE8}") = "Solution Items", "Solution Items", "{F482587A-E438-4157-9289-F31CF2B66188}"
	ProjectSection(SolutionItems) = preProject
		global.json = global.json
		NuGet.config = NuGet.config
		todo.txt = todo.txt
	EndProjectSection
EndProject
Project("{8BB2217D-0F2D-49D1-97BC-3654ED321F3B}") = "Angular", "src\Angular\Angular.xproj", "{5C733342-49A9-4ACF-9D40-DE7B67B526D7}"
EndProject
Project("{8BB2217D-0F2D-49D1-97BC-3654ED321F3B}") = "Aurelia", "src\Aurelia\Aurelia.xproj", "{F1FA08BC-40D3-4060-B495-471B4C692FFE}"
EndProject
Project("{8BB2217D-0F2D-49D1-97BC-3654ED321F3B}") = "Aurelia.Auth", "src\Aurelia.Auth\Aurelia.Auth.xproj", "{EC055356-1193-44CB-94B6-88AF17EC2117}"
EndProject
Project("{8BB2217D-0F2D-49D1-97BC-3654ED321F3B}") = "Angular.Auth", "src\Angular.Auth\Angular.Auth.xproj", "{30D76DBC-EF0B-4BB3-8209-D7AEF7D4726D}"
EndProject
Project("{8BB2217D-0F2D-49D1-97BC-3654ED321F3B}") = "Angular.WebPack", "src\Angular.WebPack\Angular.WebPack.xproj", "{4199E133-EA63-4F1A-BC76-3EEDB8E457B4}"
EndProject
Project("{8BB2217D-0F2D-49D1-97BC-3654ED321F3B}") = "Angular.Auth.WebPack", "src\Angular.Auth.WebPack\Angular.Auth.WebPack.xproj", "{8F020E50-108F-467C-8008-0DBB2A7D8AC1}"
EndProject
Project("{8BB2217D-0F2D-49D1-97BC-3654ED321F3B}") = "Aurelia.WebPack", "src\Aurelia.WebPack\Aurelia.WebPack.xproj", "{D54279DA-AFC0-4F76-A594-63775651739C}"
EndProject
Project("{8BB2217D-0F2D-49D1-97BC-3654ED321F3B}") = "Aurelia.Auth.WebPack", "src\Aurelia.Auth.WebPack\Aurelia.Auth.WebPack.xproj", "{A46FE955-1734-400E-9A5D-9D914529E049}"
EndProject
Global
	GlobalSection(SolutionConfigurationPlatforms) = preSolution
		Debug|Any CPU = Debug|Any CPU
		Release|Any CPU = Release|Any CPU
	EndGlobalSection
	GlobalSection(ProjectConfigurationPlatforms) = postSolution
		{5C733342-49A9-4ACF-9D40-DE7B67B526D7}.Debug|Any CPU.ActiveCfg = Debug|Any CPU
		{5C733342-49A9-4ACF-9D40-DE7B67B526D7}.Debug|Any CPU.Build.0 = Debug|Any CPU
		{5C733342-49A9-4ACF-9D40-DE7B67B526D7}.Release|Any CPU.ActiveCfg = Release|Any CPU
		{5C733342-49A9-4ACF-9D40-DE7B67B526D7}.Release|Any CPU.Build.0 = Release|Any CPU
		{F1FA08BC-40D3-4060-B495-471B4C692FFE}.Debug|Any CPU.ActiveCfg = Debug|Any CPU
		{F1FA08BC-40D3-4060-B495-471B4C692FFE}.Debug|Any CPU.Build.0 = Debug|Any CPU
		{F1FA08BC-40D3-4060-B495-471B4C692FFE}.Release|Any CPU.ActiveCfg = Release|Any CPU
		{F1FA08BC-40D3-4060-B495-471B4C692FFE}.Release|Any CPU.Build.0 = Release|Any CPU
		{EC055356-1193-44CB-94B6-88AF17EC2117}.Debug|Any CPU.ActiveCfg = Debug|Any CPU
		{EC055356-1193-44CB-94B6-88AF17EC2117}.Debug|Any CPU.Build.0 = Debug|Any CPU
		{EC055356-1193-44CB-94B6-88AF17EC2117}.Release|Any CPU.ActiveCfg = Release|Any CPU
		{EC055356-1193-44CB-94B6-88AF17EC2117}.Release|Any CPU.Build.0 = Release|Any CPU
		{30D76DBC-EF0B-4BB3-8209-D7AEF7D4726D}.Debug|Any CPU.ActiveCfg = Debug|Any CPU
		{30D76DBC-EF0B-4BB3-8209-D7AEF7D4726D}.Debug|Any CPU.Build.0 = Debug|Any CPU
		{30D76DBC-EF0B-4BB3-8209-D7AEF7D4726D}.Release|Any CPU.ActiveCfg = Release|Any CPU
		{30D76DBC-EF0B-4BB3-8209-D7AEF7D4726D}.Release|Any CPU.Build.0 = Release|Any CPU
		{4199E133-EA63-4F1A-BC76-3EEDB8E457B4}.Debug|Any CPU.ActiveCfg = Debug|Any CPU
		{4199E133-EA63-4F1A-BC76-3EEDB8E457B4}.Debug|Any CPU.Build.0 = Debug|Any CPU
		{4199E133-EA63-4F1A-BC76-3EEDB8E457B4}.Release|Any CPU.ActiveCfg = Release|Any CPU
		{4199E133-EA63-4F1A-BC76-3EEDB8E457B4}.Release|Any CPU.Build.0 = Release|Any CPU
		{8F020E50-108F-467C-8008-0DBB2A7D8AC1}.Debug|Any CPU.ActiveCfg = Debug|Any CPU
		{8F020E50-108F-467C-8008-0DBB2A7D8AC1}.Debug|Any CPU.Build.0 = Debug|Any CPU
		{8F020E50-108F-467C-8008-0DBB2A7D8AC1}.Release|Any CPU.ActiveCfg = Release|Any CPU
		{8F020E50-108F-467C-8008-0DBB2A7D8AC1}.Release|Any CPU.Build.0 = Release|Any CPU
		{D54279DA-AFC0-4F76-A594-63775651739C}.Debug|Any CPU.ActiveCfg = Debug|Any CPU
		{D54279DA-AFC0-4F76-A594-63775651739C}.Debug|Any CPU.Build.0 = Debug|Any CPU
		{D54279DA-AFC0-4F76-A594-63775651739C}.Release|Any CPU.ActiveCfg = Release|Any CPU
		{D54279DA-AFC0-4F76-A594-63775651739C}.Release|Any CPU.Build.0 = Release|Any CPU
		{A46FE955-1734-400E-9A5D-9D914529E049}.Debug|Any CPU.ActiveCfg = Debug|Any CPU
		{A46FE955-1734-400E-9A5D-9D914529E049}.Debug|Any CPU.Build.0 = Debug|Any CPU
		{A46FE955-1734-400E-9A5D-9D914529E049}.Release|Any CPU.ActiveCfg = Release|Any CPU
		{A46FE955-1734-400E-9A5D-9D914529E049}.Release|Any CPU.Build.0 = Release|Any CPU
	EndGlobalSection
	GlobalSection(SolutionProperties) = preSolution
		HideSolutionNode = FALSE
	EndGlobalSection
	GlobalSection(NestedProjects) = preSolution
		{5C733342-49A9-4ACF-9D40-DE7B67B526D7} = {59070090-C342-4444-99D2-C8AA89084B63}
		{F1FA08BC-40D3-4060-B495-471B4C692FFE} = {59070090-C342-4444-99D2-C8AA89084B63}
		{EC055356-1193-44CB-94B6-88AF17EC2117} = {59070090-C342-4444-99D2-C8AA89084B63}
		{30D76DBC-EF0B-4BB3-8209-D7AEF7D4726D} = {59070090-C342-4444-99D2-C8AA89084B63}
		{4199E133-EA63-4F1A-BC76-3EEDB8E457B4} = {59070090-C342-4444-99D2-C8AA89084B63}
		{8F020E50-108F-467C-8008-0DBB2A7D8AC1} = {59070090-C342-4444-99D2-C8AA89084B63}
		{D54279DA-AFC0-4F76-A594-63775651739C} = {59070090-C342-4444-99D2-C8AA89084B63}
		{A46FE955-1734-400E-9A5D-9D914529E049} = {59070090-C342-4444-99D2-C8AA89084B63}
	EndGlobalSection
EndGlobal
